// !$*UTF8*$!
{
	archiveVersion = 1;
	classes = {
	};
	objectVersion = 46;
	objects = {

/* Begin PBXBuildFile section */
		438260F61C5C3E5F00D3DBCA /* AppDelegate.swift in Sources */ = {isa = PBXBuildFile; fileRef = 438260F51C5C3E5F00D3DBCA /* AppDelegate.swift */; };
		438260F81C5C3E5F00D3DBCA /* GameScene.sks in Resources */ = {isa = PBXBuildFile; fileRef = 438260F71C5C3E5F00D3DBCA /* GameScene.sks */; };
		438260FA1C5C3E5F00D3DBCA /* GameScene.swift in Sources */ = {isa = PBXBuildFile; fileRef = 438260F91C5C3E5F00D3DBCA /* GameScene.swift */; };
		438260FC1C5C3E5F00D3DBCA /* GameViewController.swift in Sources */ = {isa = PBXBuildFile; fileRef = 438260FB1C5C3E5F00D3DBCA /* GameViewController.swift */; };
		438260FF1C5C3E5F00D3DBCA /* Main.storyboard in Resources */ = {isa = PBXBuildFile; fileRef = 438260FD1C5C3E5F00D3DBCA /* Main.storyboard */; };
		438261011C5C3E5F00D3DBCA /* Assets.xcassets in Resources */ = {isa = PBXBuildFile; fileRef = 438261001C5C3E5F00D3DBCA /* Assets.xcassets */; };
		438261041C5C3E5F00D3DBCA /* LaunchScreen.storyboard in Resources */ = {isa = PBXBuildFile; fileRef = 438261021C5C3E5F00D3DBCA /* LaunchScreen.storyboard */; };
		4382610F1C5C3E5F00D3DBCA /* GameJamTests.swift in Sources */ = {isa = PBXBuildFile; fileRef = 4382610E1C5C3E5F00D3DBCA /* GameJamTests.swift */; };
		4382611A1C5C3E5F00D3DBCA /* GameJamUITests.swift in Sources */ = {isa = PBXBuildFile; fileRef = 438261191C5C3E5F00D3DBCA /* GameJamUITests.swift */; };
/* End PBXBuildFile section */

/* Begin PBXContainerItemProxy section */
		4382610B1C5C3E5F00D3DBCA /* PBXContainerItemProxy */ = {
			isa = PBXContainerItemProxy;
			containerPortal = 438260EA1C5C3E5E00D3DBCA /* Project object */;
			proxyType = 1;
			remoteGlobalIDString = 438260F11C5C3E5E00D3DBCA;
			remoteInfo = GameJam;
		};
		438261161C5C3E5F00D3DBCA /* PBXContainerItemProxy */ = {
			isa = PBXContainerItemProxy;
			containerPortal = 438260EA1C5C3E5E00D3DBCA /* Project object */;
			proxyType = 1;
			remoteGlobalIDString = 438260F11C5C3E5E00D3DBCA;
			remoteInfo = GameJam;
		};
/* End PBXContainerItemProxy section */

/* Begin PBXFileReference section */
		438260F21C5C3E5E00D3DBCA /* GameJam.app */ = {isa = PBXFileReference; explicitFileType = wrapper.application; includeInIndex = 0; path = GameJam.app; sourceTree = BUILT_PRODUCTS_DIR; };
		438260F51C5C3E5F00D3DBCA /* AppDelegate.swift */ = {isa = PBXFileReference; lastKnownFileType = sourcecode.swift; path = AppDelegate.swift; sourceTree = "<group>"; };
		438260F71C5C3E5F00D3DBCA /* GameScene.sks */ = {isa = PBXFileReference; lastKnownFileType = file.sks; path = GameScene.sks; sourceTree = "<group>"; };
		438260F91C5C3E5F00D3DBCA /* GameScene.swift */ = {isa = PBXFileReference; lastKnownFileType = sourcecode.swift; path = GameScene.swift; sourceTree = "<group>"; };
		438260FB1C5C3E5F00D3DBCA /* GameViewController.swift */ = {isa = PBXFileReference; lastKnownFileType = sourcecode.swift; path = GameViewController.swift; sourceTree = "<group>"; };
		438260FE1C5C3E5F00D3DBCA /* Base */ = {isa = PBXFileReference; lastKnownFileType = file.storyboard; name = Base; path = Base.lproj/Main.storyboard; sourceTree = "<group>"; };
		438261001C5C3E5F00D3DBCA /* Assets.xcassets */ = {isa = PBXFileReference; lastKnownFileType = folder.assetcatalog; path = Assets.xcassets; sourceTree = "<group>"; };
		438261031C5C3E5F00D3DBCA /* Base */ = {isa = PBXFileReference; lastKnownFileType = file.storyboard; name = Base; path = Base.lproj/LaunchScreen.storyboard; sourceTree = "<group>"; };
		438261051C5C3E5F00D3DBCA /* Info.plist */ = {isa = PBXFileReference; lastKnownFileType = text.plist.xml; path = Info.plist; sourceTree = "<group>"; };
		4382610A1C5C3E5F00D3DBCA /* GameJamTests.xctest */ = {isa = PBXFileReference; explicitFileType = wrapper.cfbundle; includeInIndex = 0; path = GameJamTests.xctest; sourceTree = BUILT_PRODUCTS_DIR; };
		4382610E1C5C3E5F00D3DBCA /* GameJamTests.swift */ = {isa = PBXFileReference; lastKnownFileType = sourcecode.swift; path = GameJamTests.swift; sourceTree = "<group>"; };
		438261101C5C3E5F00D3DBCA /* Info.plist */ = {isa = PBXFileReference; lastKnownFileType = text.plist.xml; path = Info.plist; sourceTree = "<group>"; };
		438261151C5C3E5F00D3DBCA /* GameJamUITests.xctest */ = {isa = PBXFileReference; explicitFileType = wrapper.cfbundle; includeInIndex = 0; path = GameJamUITests.xctest; sourceTree = BUILT_PRODUCTS_DIR; };
		438261191C5C3E5F00D3DBCA /* GameJamUITests.swift */ = {isa = PBXFileReference; lastKnownFileType = sourcecode.swift; path = GameJamUITests.swift; sourceTree = "<group>"; };
		4382611B1C5C3E5F00D3DBCA /* Info.plist */ = {isa = PBXFileReference; lastKnownFileType = text.plist.xml; path = Info.plist; sourceTree = "<group>"; };
/* End PBXFileReference section */

/* Begin PBXFrameworksBuildPhase section */
		438260EF1C5C3E5E00D3DBCA /* Frameworks */ = {
			isa = PBXFrameworksBuildPhase;
			buildActionMask = 2147483647;
			files = (
			);
			runOnlyForDeploymentPostprocessing = 0;
		};
		438261071C5C3E5F00D3DBCA /* Frameworks */ = {
			isa = PBXFrameworksBuildPhase;
			buildActionMask = 2147483647;
			files = (
			);
			runOnlyForDeploymentPostprocessing = 0;
		};
		438261121C5C3E5F00D3DBCA /* Frameworks */ = {
			isa = PBXFrameworksBuildPhase;
			buildActionMask = 2147483647;
			files = (
			);
			runOnlyForDeploymentPostprocessing = 0;
		};
/* End PBXFrameworksBuildPhase section */

/* Begin PBXGroup section */
		438260E91C5C3E5E00D3DBCA = {
			isa = PBXGroup;
			children = (
				438260F41C5C3E5F00D3DBCA /* GameJam */,
				4382610D1C5C3E5F00D3DBCA /* GameJamTests */,
				438261181C5C3E5F00D3DBCA /* GameJamUITests */,
				438260F31C5C3E5E00D3DBCA /* Products */,
			);
			sourceTree = "<group>";
		};
		438260F31C5C3E5E00D3DBCA /* Products */ = {
			isa = PBXGroup;
			children = (
				438260F21C5C3E5E00D3DBCA /* GameJam.app */,
				4382610A1C5C3E5F00D3DBCA /* GameJamTests.xctest */,
				438261151C5C3E5F00D3DBCA /* GameJamUITests.xctest */,
			);
			name = Products;
			sourceTree = "<group>";
		};
		438260F41C5C3E5F00D3DBCA /* GameJam */ = {
			isa = PBXGroup;
			children = (
				438260F51C5C3E5F00D3DBCA /* AppDelegate.swift */,
				438260F71C5C3E5F00D3DBCA /* GameScene.sks */,
				438260F91C5C3E5F00D3DBCA /* GameScene.swift */,
				438260FB1C5C3E5F00D3DBCA /* GameViewController.swift */,
				438260FD1C5C3E5F00D3DBCA /* Main.storyboard */,
				438261001C5C3E5F00D3DBCA /* Assets.xcassets */,
				438261021C5C3E5F00D3DBCA /* LaunchScreen.storyboard */,
				438261051C5C3E5F00D3DBCA /* Info.plist */,
			);
			path = GameJam;
			sourceTree = "<group>";
		};
		4382610D1C5C3E5F00D3DBCA /* GameJamTests */ = {
			isa = PBXGroup;
			children = (
				4382610E1C5C3E5F00D3DBCA /* GameJamTests.swift */,
				438261101C5C3E5F00D3DBCA /* Info.plist */,
			);
			path = GameJamTests;
			sourceTree = "<group>";
		};
		438261181C5C3E5F00D3DBCA /* GameJamUITests */ = {
			isa = PBXGroup;
			children = (
				438261191C5C3E5F00D3DBCA /* GameJamUITests.swift */,
				4382611B1C5C3E5F00D3DBCA /* Info.plist */,
			);
			path = GameJamUITests;
			sourceTree = "<group>";
		};
/* End PBXGroup section */

/* Begin PBXNativeTarget section */
		438260F11C5C3E5E00D3DBCA /* GameJam */ = {
			isa = PBXNativeTarget;
			buildConfigurationList = 4382611E1C5C3E5F00D3DBCA /* Build configuration list for PBXNativeTarget "GameJam" */;
			buildPhases = (
				438260EE1C5C3E5E00D3DBCA /* Sources */,
				438260EF1C5C3E5E00D3DBCA /* Frameworks */,
				438260F01C5C3E5E00D3DBCA /* Resources */,
			);
			buildRules = (
			);
			dependencies = (
			);
			name = GameJam;
			productName = GameJam;
			productReference = 438260F21C5C3E5E00D3DBCA /* GameJam.app */;
			productType = "com.apple.product-type.application";
		};
		438261091C5C3E5F00D3DBCA /* GameJamTests */ = {
			isa = PBXNativeTarget;
			buildConfigurationList = 438261211C5C3E5F00D3DBCA /* Build configuration list for PBXNativeTarget "GameJamTests" */;
			buildPhases = (
				438261061C5C3E5F00D3DBCA /* Sources */,
				438261071C5C3E5F00D3DBCA /* Frameworks */,
				438261081C5C3E5F00D3DBCA /* Resources */,
			);
			buildRules = (
			);
			dependencies = (
				4382610C1C5C3E5F00D3DBCA /* PBXTargetDependency */,
			);
			name = GameJamTests;
			productName = GameJamTests;
			productReference = 4382610A1C5C3E5F00D3DBCA /* GameJamTests.xctest */;
			productType = "com.apple.product-type.bundle.unit-test";
		};
		438261141C5C3E5F00D3DBCA /* GameJamUITests */ = {
			isa = PBXNativeTarget;
			buildConfigurationList = 438261241C5C3E5F00D3DBCA /* Build configuration list for PBXNativeTarget "GameJamUITests" */;
			buildPhases = (
				438261111C5C3E5F00D3DBCA /* Sources */,
				438261121C5C3E5F00D3DBCA /* Frameworks */,
				438261131C5C3E5F00D3DBCA /* Resources */,
			);
			buildRules = (
			);
			dependencies = (
				438261171C5C3E5F00D3DBCA /* PBXTargetDependency */,
			);
			name = GameJamUITests;
			productName = GameJamUITests;
			productReference = 438261151C5C3E5F00D3DBCA /* GameJamUITests.xctest */;
			productType = "com.apple.product-type.bundle.ui-testing";
		};
/* End PBXNativeTarget section */

/* Begin PBXProject section */
		438260EA1C5C3E5E00D3DBCA /* Project object */ = {
			isa = PBXProject;
			attributes = {
				LastSwiftUpdateCheck = 0730;
				LastUpgradeCheck = 0730;
				ORGANIZATIONNAME = CodeDezyn;
				TargetAttributes = {
					438260F11C5C3E5E00D3DBCA = {
						CreatedOnToolsVersion = 7.3;
					};
					438261091C5C3E5F00D3DBCA = {
						CreatedOnToolsVersion = 7.3;
						TestTargetID = 438260F11C5C3E5E00D3DBCA;
					};
					438261141C5C3E5F00D3DBCA = {
						CreatedOnToolsVersion = 7.3;
						TestTargetID = 438260F11C5C3E5E00D3DBCA;
					};
				};
			};
			buildConfigurationList = 438260ED1C5C3E5E00D3DBCA /* Build configuration list for PBXProject "GameJam" */;
			compatibilityVersion = "Xcode 3.2";
			developmentRegion = English;
			hasScannedForEncodings = 0;
			knownRegions = (
				en,
				Base,
			);
			mainGroup = 438260E91C5C3E5E00D3DBCA;
			productRefGroup = 438260F31C5C3E5E00D3DBCA /* Products */;
			projectDirPath = "";
			projectRoot = "";
			targets = (
				438260F11C5C3E5E00D3DBCA /* GameJam */,
				438261091C5C3E5F00D3DBCA /* GameJamTests */,
				438261141C5C3E5F00D3DBCA /* GameJamUITests */,
			);
		};
/* End PBXProject section */

/* Begin PBXResourcesBuildPhase section */
		438260F01C5C3E5E00D3DBCA /* Resources */ = {
			isa = PBXResourcesBuildPhase;
			buildActionMask = 2147483647;
			files = (
				438260F81C5C3E5F00D3DBCA /* GameScene.sks in Resources */,
				438261041C5C3E5F00D3DBCA /* LaunchScreen.storyboard in Resources */,
				438261011C5C3E5F00D3DBCA /* Assets.xcassets in Resources */,
				438260FF1C5C3E5F00D3DBCA /* Main.storyboard in Resources */,
			);
			runOnlyForDeploymentPostprocessing = 0;
		};
		438261081C5C3E5F00D3DBCA /* Resources */ = {
			isa = PBXResourcesBuildPhase;
			buildActionMask = 2147483647;
			files = (
			);
			runOnlyForDeploymentPostprocessing = 0;
		};
		438261131C5C3E5F00D3DBCA /* Resources */ = {
			isa = PBXResourcesBuildPhase;
			buildActionMask = 2147483647;
			files = (
			);
			runOnlyForDeploymentPostprocessing = 0;
		};
/* End PBXResourcesBuildPhase section */

/* Begin PBXSourcesBuildPhase section */
		438260EE1C5C3E5E00D3DBCA /* Sources */ = {
			isa = PBXSourcesBuildPhase;
			buildActionMask = 2147483647;
			files = (
				438260FA1C5C3E5F00D3DBCA /* GameScene.swift in Sources */,
				438260FC1C5C3E5F00D3DBCA /* GameViewController.swift in Sources */,
				438260F61C5C3E5F00D3DBCA /* AppDelegate.swift in Sources */,
			);
			runOnlyForDeploymentPostprocessing = 0;
		};
		438261061C5C3E5F00D3DBCA /* Sources */ = {
			isa = PBXSourcesBuildPhase;
			buildActionMask = 2147483647;
			files = (
				4382610F1C5C3E5F00D3DBCA /* GameJamTests.swift in Sources */,
			);
			runOnlyForDeploymentPostprocessing = 0;
		};
		438261111C5C3E5F00D3DBCA /* Sources */ = {
			isa = PBXSourcesBuildPhase;
			buildActionMask = 2147483647;
			files = (
				4382611A1C5C3E5F00D3DBCA /* GameJamUITests.swift in Sources */,
			);
			runOnlyForDeploymentPostprocessing = 0;
		};
/* End PBXSourcesBuildPhase section */

/* Begin PBXTargetDependency section */
		4382610C1C5C3E5F00D3DBCA /* PBXTargetDependency */ = {
			isa = PBXTargetDependency;
			target = 438260F11C5C3E5E00D3DBCA /* GameJam */;
			targetProxy = 4382610B1C5C3E5F00D3DBCA /* PBXContainerItemProxy */;
		};
		438261171C5C3E5F00D3DBCA /* PBXTargetDependency */ = {
			isa = PBXTargetDependency;
			target = 438260F11C5C3E5E00D3DBCA /* GameJam */;
			targetProxy = 438261161C5C3E5F00D3DBCA /* PBXContainerItemProxy */;
		};
/* End PBXTargetDependency section */

/* Begin PBXVariantGroup section */
		438260FD1C5C3E5F00D3DBCA /* Main.storyboard */ = {
			isa = PBXVariantGroup;
			children = (
				438260FE1C5C3E5F00D3DBCA /* Base */,
			);
			name = Main.storyboard;
			sourceTree = "<group>";
		};
		438261021C5C3E5F00D3DBCA /* LaunchScreen.storyboard */ = {
			isa = PBXVariantGroup;
			children = (
				438261031C5C3E5F00D3DBCA /* Base */,
			);
			name = LaunchScreen.storyboard;
			sourceTree = "<group>";
		};
/* End PBXVariantGroup section */

/* Begin XCBuildConfiguration section */
		4382611C1C5C3E5F00D3DBCA /* Debug */ = {
			isa = XCBuildConfiguration;
			buildSettings = {
				ALWAYS_SEARCH_USER_PATHS = NO;
				CLANG_CXX_LANGUAGE_STANDARD = "gnu++0x";
				CLANG_CXX_LIBRARY = "libc++";
				CLANG_ENABLE_MODULES = YES;
				CLANG_ENABLE_OBJC_ARC = YES;
				CLANG_WARN_BOOL_CONVERSION = YES;
				CLANG_WARN_CONSTANT_CONVERSION = YES;
				CLANG_WARN_DIRECT_OBJC_ISA_USAGE = YES_ERROR;
				CLANG_WARN_EMPTY_BODY = YES;
				CLANG_WARN_ENUM_CONVERSION = YES;
				CLANG_WARN_INT_CONVERSION = YES;
				CLANG_WARN_OBJC_ROOT_CLASS = YES_ERROR;
				CLANG_WARN_UNREACHABLE_CODE = YES;
				CLANG_WARN__DUPLICATE_METHOD_MATCH = YES;
				"CODE_SIGN_IDENTITY[sdk=iphoneos*]" = "iPhone Developer";
				COPY_PHASE_STRIP = NO;
				DEBUG_INFORMATION_FORMAT = "dwarf-with-dsym";
				ENABLE_STRICT_OBJC_MSGSEND = YES;
				ENABLE_TESTABILITY = YES;
				GCC_C_LANGUAGE_STANDARD = gnu99;
				GCC_DYNAMIC_NO_PIC = NO;
				GCC_NO_COMMON_BLOCKS = YES;
				GCC_OPTIMIZATION_LEVEL = 0;
				GCC_PREPROCESSOR_DEFINITIONS = (
					"DEBUG=1",
					"$(inherited)",
				);
				GCC_WARN_64_TO_32_BIT_CONVERSION = YES;
				GCC_WARN_ABOUT_RETURN_TYPE = YES_ERROR;
				GCC_WARN_UNDECLARED_SELECTOR = YES;
				GCC_WARN_UNINITIALIZED_AUTOS = YES_AGGRESSIVE;
				GCC_WARN_UNUSED_FUNCTION = YES;
				GCC_WARN_UNUSED_VARIABLE = YES;
				IPHONEOS_DEPLOYMENT_TARGET = 9.3;
				MTL_ENABLE_DEBUG_INFO = YES;
				ONLY_ACTIVE_ARCH = YES;
				SDKROOT = iphoneos;
				SWIFT_OPTIMIZATION_LEVEL = "-Onone";
				TARGETED_DEVICE_FAMILY = "1,2";
			};
			name = Debug;
		};
		4382611D1C5C3E5F00D3DBCA /* Release */ = {
			isa = XCBuildConfiguration;
			buildSettings = {
				ALWAYS_SEARCH_USER_PATHS = NO;
				CLANG_CXX_LANGUAGE_STANDARD = "gnu++0x";
				CLANG_CXX_LIBRARY = "libc++";
				CLANG_ENABLE_MODULES = YES;
				CLANG_ENABLE_OBJC_ARC = YES;
				CLANG_WARN_BOOL_CONVERSION = YES;
				CLANG_WARN_CONSTANT_CONVERSION = YES;
				CLANG_WARN_DIRECT_OBJC_ISA_USAGE = YES_ERROR;
				CLANG_WARN_EMPTY_BODY = YES;
				CLANG_WARN_ENUM_CONVERSION = YES;
				CLANG_WARN_INT_CONVERSION = YES;
				CLANG_WARN_OBJC_ROOT_CLASS = YES_ERROR;
				CLANG_WARN_UNREACHABLE_CODE = YES;
				CLANG_WARN__DUPLICATE_METHOD_MATCH = YES;
				"CODE_SIGN_IDENTITY[sdk=iphoneos*]" = "iPhone Developer";
				COPY_PHASE_STRIP = NO;
				DEBUG_INFORMATION_FORMAT = "dwarf-with-dsym";
				ENABLE_NS_ASSERTIONS = NO;
				ENABLE_STRICT_OBJC_MSGSEND = YES;
				GCC_C_LANGUAGE_STANDARD = gnu99;
				GCC_NO_COMMON_BLOCKS = YES;
				GCC_WARN_64_TO_32_BIT_CONVERSION = YES;
				GCC_WARN_ABOUT_RETURN_TYPE = YES_ERROR;
				GCC_WARN_UNDECLARED_SELECTOR = YES;
				GCC_WARN_UNINITIALIZED_AUTOS = YES_AGGRESSIVE;
				GCC_WARN_UNUSED_FUNCTION = YES;
				GCC_WARN_UNUSED_VARIABLE = YES;
				IPHONEOS_DEPLOYMENT_TARGET = 9.3;
				MTL_ENABLE_DEBUG_INFO = NO;
				SDKROOT = iphoneos;
				TARGETED_DEVICE_FAMILY = "1,2";
				VALIDATE_PRODUCT = YES;
			};
			name = Release;
		};
		4382611F1C5C3E5F00D3DBCA /* Debug */ = {
			isa = XCBuildConfiguration;
			buildSettings = {
				ASSETCATALOG_COMPILER_APPICON_NAME = AppIcon;
				INFOPLIST_FILE = GameJam/Info.plist;
				LD_RUNPATH_SEARCH_PATHS = "$(inherited) @executable_path/Frameworks";
				PRODUCT_BUNDLE_IDENTIFIER = com.codedezyn.GameJam;
				PRODUCT_NAME = "$(TARGET_NAME)";
			};
			name = Debug;
		};
		438261201C5C3E5F00D3DBCA /* Release */ = {
			isa = XCBuildConfiguration;
			buildSettings = {
				ASSETCATALOG_COMPILER_APPICON_NAME = AppIcon;
				INFOPLIST_FILE = GameJam/Info.plist;
				LD_RUNPATH_SEARCH_PATHS = "$(inherited) @executable_path/Frameworks";
				PRODUCT_BUNDLE_IDENTIFIER = com.codedezyn.GameJam;
				PRODUCT_NAME = "$(TARGET_NAME)";
			};
			name = Release;
		};
		438261221C5C3E5F00D3DBCA /* Debug */ = {
			isa = XCBuildConfiguration;
			buildSettings = {
				BUNDLE_LOADER = "$(TEST_HOST)";
				DEBUG_INFORMATION_FORMAT = dwarf;
				INFOPLIST_FILE = GameJamTests/Info.plist;
				LD_RUNPATH_SEARCH_PATHS = "$(inherited) @executable_path/Frameworks @loader_path/Frameworks";
				PRODUCT_BUNDLE_IDENTIFIER = com.codedezyn.GameJamTests;
				PRODUCT_NAME = "$(TARGET_NAME)";
				TEST_HOST = "$(BUILT_PRODUCTS_DIR)/GameJam.app/GameJam";
			};
			name = Debug;
		};
		438261231C5C3E5F00D3DBCA /* Release */ = {
			isa = XCBuildConfiguration;
			buildSettings = {
				BUNDLE_LOADER = "$(TEST_HOST)";
				INFOPLIST_FILE = GameJamTests/Info.plist;
				LD_RUNPATH_SEARCH_PATHS = "$(inherited) @executable_path/Frameworks @loader_path/Frameworks";
				PRODUCT_BUNDLE_IDENTIFIER = com.codedezyn.GameJamTests;
				PRODUCT_NAME = "$(TARGET_NAME)";
				TEST_HOST = "$(BUILT_PRODUCTS_DIR)/GameJam.app/GameJam";
			};
			name = Release;
		};
		438261251C5C3E5F00D3DBCA /* Debug */ = {
			isa = XCBuildConfiguration;
			buildSettings = {
				DEBUG_INFORMATION_FORMAT = dwarf;
				INFOPLIST_FILE = GameJamUITests/Info.plist;
				LD_RUNPATH_SEARCH_PATHS = "$(inherited) @executable_path/Frameworks @loader_path/Frameworks";
				PRODUCT_BUNDLE_IDENTIFIER = com.codedezyn.GameJamUITests;
				PRODUCT_NAME = "$(TARGET_NAME)";
				TEST_TARGET_NAME = GameJam;
			};
			name = Debug;
		};
		438261261C5C3E5F00D3DBCA /* Release */ = {
			isa = XCBuildConfiguration;
			buildSettings = {
				INFOPLIST_FILE = GameJamUITests/Info.plist;
				LD_RUNPATH_SEARCH_PATHS = "$(inherited) @executable_path/Frameworks @loader_path/Frameworks";
				PRODUCT_BUNDLE_IDENTIFIER = com.codedezyn.GameJamUITests;
				PRODUCT_NAME = "$(TARGET_NAME)";
				TEST_TARGET_NAME = GameJam;
			};
			name = Release;
		};
/* End XCBuildConfiguration section */

/* Begin XCConfigurationList section */
		438260ED1C5C3E5E00D3DBCA /* Build configuration list for PBXProject "GameJam" */ = {
			isa = XCConfigurationList;
			buildConfigurations = (
				4382611C1C5C3E5F00D3DBCA /* Debug */,
				4382611D1C5C3E5F00D3DBCA /* Release */,
			);
			defaultConfigurationIsVisible = 0;
			defaultConfigurationName = Release;
		};
		4382611E1C5C3E5F00D3DBCA /* Build configuration list for PBXNativeTarget "GameJam" */ = {
			isa = XCConfigurationList;
			buildConfigurations = (
				4382611F1C5C3E5F00D3DBCA /* Debug */,
				438261201C5C3E5F00D3DBCA /* Release */,
			);
			defaultConfigurationIsVisible = 0;
		};
		438261211C5C3E5F00D3DBCA /* Build configuration list for PBXNativeTarget "GameJamTests" */ = {
			isa = XCConfigurationList;
			buildConfigurations = (
				438261221C5C3E5F00D3DBCA /* Debug */,
				438261231C5C3E5F00D3DBCA /* Release */,
			);
			defaultConfigurationIsVisible = 0;
		};
		438261241C5C3E5F00D3DBCA /* Build configuration list for PBXNativeTarget "GameJamUITests" */ = {
			isa = XCConfigurationList;
			buildConfigurations = (
				438261251C5C3E5F00D3DBCA /* Debug */,
				438261261C5C3E5F00D3DBCA /* Release */,
			);
			defaultConfigurationIsVisible = 0;
		};
/* End XCConfigurationList section */
	};
	rootObject = 438260EA1C5C3E5E00D3DBCA /* Project object */;
}
